
Microsoft Visual Studio Solution File, Format Version 12.00
Project("{FAE04EC0-301F-11D3-BF4B-00C04F79EFBC}") = "perfaware", "perfaware\perfaware.csproj", "{7898EEE6-CD03-433E-8938-44B640D3DFE1}"
EndProject
Global
	GlobalSection(SolutionConfigurationPlatforms) = preSolution
		Debug|Any CPU = Debug|Any CPU
		Release|Any CPU = Release|Any CPU
	EndGlobalSection
	GlobalSection(ProjectConfigurationPlatforms) = postSolution
		{7898EEE6-CD03-433E-8938-44B640D3DFE1}.Debug|Any CPU.ActiveCfg = Debug|Any CPU
		{7898EEE6-CD03-433E-8938-44B640D3DFE1}.Debug|Any CPU.Build.0 = Debug|Any CPU
		{7898EEE6-CD03-433E-8938-44B640D3DFE1}.Release|Any CPU.ActiveCfg = Release|Any CPU
		{7898EEE6-CD03-433E-8938-44B640D3DFE1}.Release|Any CPU.Build.0 = Release|Any CPU
	EndGlobalSection
EndGlobal
